
Microsoft Visual Studio Solution File, Format Version 12.00
# Visual Studio Version 16
VisualStudioVersion = 16.0.31911.196
MinimumVisualStudioVersion = 10.0.40219.1
Project("{FAE04EC0-301F-11D3-BF4B-00C04F79EFBC}") = "ConsoleApp1", "ConsoleApp1\ConsoleApp1.csproj", "{9C4D9C77-9F71-4022-B301-E728B7BC181A}"
EndProject
Global
	GlobalSection(SolutionConfigurationPlatforms) = preSolution
		Debug|Any CPU = Debug|Any CPU
		Release|Any CPU = Release|Any CPU
	EndGlobalSection
	GlobalSection(ProjectConfigurationPlatforms) = postSolution
		{9C4D9C77-9F71-4022-B301-E728B7BC181A}.Debug|Any CPU.ActiveCfg = Debug|Any CPU
		{9C4D9C77-9F71-4022-B301-E728B7BC181A}.Debug|Any CPU.Build.0 = Debug|Any CPU
		{9C4D9C77-9F71-4022-B301-E728B7BC181A}.Release|Any CPU.ActiveCfg = Release|Any CPU
		{9C4D9C77-9F71-4022-B301-E728B7BC181A}.Release|Any CPU.Build.0 = Release|Any CPU
	EndGlobalSection
	GlobalSection(SolutionProperties) = preSolution
		HideSolutionNode = FALSE
	EndGlobalSection
	GlobalSection(ExtensibilityGlobals) = postSolution
		SolutionGuid = {8DCDE334-1582-4317-AED1-4D2E2B2BFAE9}
	EndGlobalSection
EndGlobal
